version = 1
revision = 3
requires-python = ">=3.11"

[[package]]
name = "anyio"
version = "4.13.0"
source = { registry = "https://pypi.org/simple" }
dependencies = [
    { name = "idna" },
    { name = "typing-extensions", marker = "python_full_version < '3.13'" },
]
sdist = { url = "https://files.pythonhosted.org/packages/19/14/2c5dd9f512b66549ae92767a9c7b330ae88e1932ca57876909410251fe13/anyio-4.13.0.tar.gz", hash = "sha256:334b70e641fd2221c1505b3890c69882fe4a2df910cba14d97019b90b24439dc", size = 231622, upload-time = "2026-03-24T12:59:09.671Z" }
wheels = [
    { url = "https://files.pythonhosted.org/packages/da/42/e921fccf5015463e32a3cf6ee7f980a6ed0f395ceeaa45060b61d86486c2/anyio-4.13.0-py3-none-any.whl", hash = "sha256:08b310f9e24a9594186fd75b4f73f4a4152069e3853f1ed8bfbf58369f4ad708", size = 114353, upload-time = "2026-03-24T12:59:08.246Z" },
]

[[package]]
name = "certifi"
version = "2026.5.20"
source = { registry = "https://pypi.org/simple" }
sdist = { url = "https://files.pythonhosted.org/packages/f3/ce/ee2ecad540810a79593028e88299baeae54d346cc7a0d94b6199988b89b1/certifi-2026.5.20.tar.gz", hash = "sha256:69dea482ab64caa7b9f6aba1c6bf48bb6a5448d1c0f1b17ab42ad8c763a5344d", size = 135422, upload-time = "2026-05-20T11:46:50.073Z" }
wheels = [
    { url = "https://files.pythonhosted.org/packages/59/8c/57e832b7af6d7c5abe66eb3fbe3a3a32f4d11ea23a1aa7131371035be991/certifi-2026.5.20-py3-none-any.whl", hash = "sha256:3c52e209ba0a4ad7aebe60436a4ab349c39e1e602e8c134221e546902ad25897", size = 134134, upload-time = "2026-05-20T11:46:48.578Z" },
]

[[package]]
name = "colorama"
version = "0.4.6"
source = { registry = "https://pypi.org/simple" }
sdist = { url = "https://files.pythonhosted.org/packages/d8/53/6f443c9a4a8358a93a6792e2acffb9d9d5cb0a5cfd8802644b7b1c9a02e4/colorama-0.4.6.tar.gz", hash = "sha256:08695f5cb7ed6e0531a20572697297273c47b8cae5a63ffc6d6ed5c201be6e44", size = 27697, upload-time = "2022-10-25T02:36:22.414Z" }
wheels = [
    { url = "https://files.pythonhosted.org/packages/d1/d6/3965ed04c63042e047cb6a3e6ed1a63a35087b6a609aa3a15ed8ac56c221/colorama-0.4.6-py2.py3-none-any.whl", hash = "sha256:4f1d9991f5acc0ca119f9d443620b77f9d6b33703e51011c16baf57afb285fc6", size = 25335, upload-time = "2022-10-25T02:36:20.889Z" },
]

[[package]]
name = "greenlet"
version = "3.5.1"
source = { registry = "https://pypi.org/simple" }
sdist = { url = "https://files.pythonhosted.org/packages/6d/6e/802acd792aebb2256fbbee8cacf2727faaeb6f240ac11008f09eae4414bc/greenlet-3.5.1.tar.gz", hash = "sha256:5a56aeb7d5d9cc4b3a735efb5095bd4b4f6f0e4f93e5ca876d0e2315137b7829", size = 197356, upload-time = "2026-05-20T15:05:03.917Z" }
wheels = [
    { url = "https://files.pythonhosted.org/packages/42/3c/ff890b466eaba2b0f5e6bdfff025f8c75f41b8ffdc3dbc3d24ad261e764a/greenlet-3.5.1-cp311-cp311-macosx_11_0_universal2.whl", hash = "sha256:73f78f9b9f0a5c06e5c946ba1e8e36f5114923b6be109ee618c54f079c3ea14f", size = 284764, upload-time = "2026-05-20T13:09:10.204Z" },
    { url = "https://files.pythonhosted.org/packages/81/0e/5e5457be3d256918f6a4756f073548a3f0190836e2cc94aa6d0d617a940b/greenlet-3.5.1-cp311-cp311-manylinux_2_24_aarch64.manylinux_2_28_aarch64.whl", hash = "sha256:a0cbed8bb44e23c5b199f888f4e4ce096b45ad9f25ff74a7ad0213875e936bb2", size = 603479, upload-time = "2026-05-20T14:00:04.757Z" },
    { url = "https://files.pythonhosted.org/packages/6d/e1/f89a21d58d308298e6f275f13a1b472ed96c680b601a371b08be6a725989/greenlet-3.5.1-cp311-cp311-manylinux_2_24_ppc64le.manylinux_2_28_ppc64le.whl", hash = "sha256:a203a8bd0acb0701653d3bbb26e404854a68674139ed5cbb778830f42b09bb33", size = 615495, upload-time = "2026-05-20T14:05:40.87Z" },
    { url = "https://files.pythonhosted.org/packages/2c/f2/8fd452fd81adb9ec79c8275c1375702ab0fd6bee4952da12eaa09b9508d8/greenlet-3.5.1-cp311-cp311-manylinux_2_24_s390x.manylinux_2_28_s390x.whl", hash = "sha256:6ebeb75c81211f5c702576cf81f315e77e23cfdb2c7c6fcb9dd143e6de35c360", size = 623515, upload-time = "2026-05-20T14:09:07.853Z" },
    { url = "https://files.pythonhosted.org/packages/75/de/af6cef182862d2ccd6975440d21c9058a77c3f9b469abf94e322dfd2e0e3/greenlet-3.5.1-cp311-cp311-manylinux_2_24_x86_64.manylinux_2_28_x86_64.whl", hash = "sha256:8a271fcd66c74615cda6a964fda3f304267a12e50a084472218a39bb0376f563", size = 614754, upload-time = "2026-05-20T13:14:24.947Z" },
    { url = "https://files.pythonhosted.org/packages/ec/bc/c318aa9f3ffc77320fddcee3d892be957b42e2ff947198d9450b004f3a38/greenlet-3.5.1-cp311-cp311-manylinux_2_39_riscv64.whl", hash = "sha256:017a544f0385d441e88714160d089d6900ef46c9eff9d99b6715a5ef2d127747", size = 418439, upload-time = "2026-05-20T14:01:38.446Z" },
    { url = "https://files.pythonhosted.org/packages/1a/c6/50e520283a9f19388a7326b05f9e8637e566003475eacaadad04f558c68d/greenlet-3.5.1-cp311-cp311-musllinux_1_2_aarch64.whl", hash = "sha256:ded7b068c7c31c1a8657d4fd42d886b3e051ae29f88b80c5ff9d502257b0f071", size = 1574097, upload-time = "2026-05-20T14:02:24.003Z" },
    { url = "https://files.pythonhosted.org/packages/21/1c/13abd1f4860d987fa5e1170a01930d6e6cd40d328de487a3c9fdaff0ffd0/greenlet-3.5.1-cp311-cp311-musllinux_1_2_x86_64.whl", hash = "sha256:d0932b81d72f552ded9d810d00021b64d89f2195a91ce115b893f943b7a4ab3c", size = 1641058, upload-time = "2026-05-20T13:14:31.83Z" },
    { url = "https://files.pythonhosted.org/packages/f5/56/5f332b7705545eac2dc01b4e9254d24a793f2656d55d5cc6b94ee59d22ae/greenlet-3.5.1-cp311-cp311-win_amd64.whl", hash = "sha256:88e300d136eac057b2397aa1cfd7328b4c87c7eb66a09c7bc6a1292234db474e", size = 238089, upload-time = "2026-05-20T13:14:03.229Z" },
    { url = "https://files.pythonhosted.org/packages/d9/a9/a3c2fa886c5b94863fb0e61b3bc14610b7aa94cf4f17f8741b11708305fc/greenlet-3.5.1-cp311-cp311-win_arm64.whl", hash = "sha256:cc6ab7e555c8a112ad3a76e368e86e12a2754bcae1652a5602e133ec7b635523", size = 234989, upload-time = "2026-05-20T13:08:27.715Z" },
    { url = "https://files.pythonhosted.org/packages/c4/37/4549f149c9797c21b32c2683c33522af22522099de128b2406672526d005/greenlet-3.5.1-cp312-cp312-macosx_11_0_universal2.whl", hash = "sha256:fa4f98af3a528f0c3fd592a26df7f376f93329c8f4d987f6bb979057af8bf5e2", size = 286220, upload-time = "2026-05-20T13:07:28.463Z" },
    { url = "https://files.pythonhosted.org/packages/38/ff/a4f436709716965eaab9f36ea7b906c8a927fbe32fb1372a2071d964f6b1/greenlet-3.5.1-cp312-cp312-manylinux_2_24_aarch64.manylinux_2_28_aarch64.whl", hash = "sha256:ffea73584b216150eab159b6d12348fb253e68757974de1e2c40d8a318ac89ed", size = 601585, upload-time = "2026-05-20T14:00:06.141Z" },
    { url = "https://files.pythonhosted.org/packages/65/ad/54bc3fcee3ad368a61b19b67d88117f7a8c29727bf71fffdeda81fbd946e/greenlet-3.5.1-cp312-cp312-manylinux_2_24_ppc64le.manylinux_2_28_ppc64le.whl", hash = "sha256:1072b4f9edcc1e192d9283a66a3e68d6b84c561de33a83d7858beb9ba1effe10", size = 614215, upload-time = "2026-05-20T14:05:42.675Z" },
    { url = "https://files.pythonhosted.org/packages/7c/6c/de5b1b388cd2d9fbdfeab324863daba37d54e6e233ddbefd70b385a8c591/greenlet-3.5.1-cp312-cp312-manylinux_2_24_s390x.manylinux_2_28_s390x.whl", hash = "sha256:89101bfd5011e069be974903cb3a4e4523845e4ece2d62dcd8d358933c0ef249", size = 620094, upload-time = "2026-05-20T14:09:09.18Z" },
    { url = "https://files.pythonhosted.org/packages/40/69/b91cda0647df839483201545913514c2827ebea5e5ccdf931842763bc127/greenlet-3.5.1-cp312-cp312-manylinux_2_24_x86_64.manylinux_2_28_x86_64.whl", hash = "sha256:add5217d68b31130f0beca584d7fef4878327d2e31642b66618a14eef312b63b", size = 611358, upload-time = "2026-05-20T13:14:26.37Z" },
    { url = "https://files.pythonhosted.org/packages/4a/43/1204baffab8a6476464795a7ccf394a3248d4f22c9f87173a15b36b6d971/greenlet-3.5.1-cp312-cp312-manylinux_2_39_riscv64.whl", hash = "sha256:e6cd99ea59dd5d89f0c956606571d79bfe6f68c9eb7f4a4083a41a7f1587edee", size = 422782, upload-time = "2026-05-20T14:01:39.597Z" },
    { url = "https://files.pythonhosted.org/packages/59/90/3cf77e080350cd02fa307bb2abf05df48f4482c240275bbd2c203ba8bb1c/greenlet-3.5.1-cp312-cp312-musllinux_1_2_aarch64.whl", hash = "sha256:a5ea42a752d47a145eae922b605cd1634665ac3d5ec1e72402d5048e8d60d207", size = 1570475, upload-time = "2026-05-20T14:02:25.29Z" },
    { url = "https://files.pythonhosted.org/packages/65/2c/18cece62045e74598c3c393f70dce4a63f56222015ba29a5d4eeb04f764c/greenlet-3.5.1-cp312-cp312-musllinux_1_2_x86_64.whl", hash = "sha256:c5551170cf4f5ff5623e9af81323751979fee2c731e2287b61f73cd27257b823", size = 1635625, upload-time = "2026-05-20T13:14:34.027Z" },
    { url = "https://files.pythonhosted.org/packages/30/f5/310d104ddf41eb5a70f4c268d22508dfb0c3c8e86fec152be34d0d2ed819/greenlet-3.5.1-cp312-cp312-win_amd64.whl", hash = "sha256:3c8bb982ad117d29478ef8f5533e97df21f1e2befd17a299257b0c96d1371c0b", size = 238791, upload-time = "2026-05-20T13:10:39.018Z" },
    { url = "https://files.pythonhosted.org/packages/62/90/ceca11f504cd23a8047a3dea31919adc48df9b626dd0c13f0d858734fdfd/greenlet-3.5.1-cp312-cp312-win_arm64.whl", hash = "sha256:80eb4b04dadc4e67df3fae179a32c4706a3f495bc7f22fc8a81115d5f5512188", size = 235580, upload-time = "2026-05-20T13:08:45.056Z" },
    { url = "https://files.pythonhosted.org/packages/27/69/7f7e5372d998b81001899b1c0823c957aa413ba0f2662e65821611cc31e4/greenlet-3.5.1-cp313-cp313-macosx_11_0_universal2.whl", hash = "sha256:51518ff74664078fc51bffcc6fc529b0df5ae58da192691cee765d45ce944a2b", size = 285060, upload-time = "2026-05-20T13:08:51.899Z" },
    { url = "https://files.pythonhosted.org/packages/b1/bf/387f9b6b865fd2ae0d0be09e0004827295a01b71be76ed350dd1e28a91a4/greenlet-3.5.1-cp313-cp313-manylinux_2_24_aarch64.manylinux_2_28_aarch64.whl", hash = "sha256:1ffdb3c0bb002c99cd8f298957e046c3dbf6006b5b7cdf11a4e19194624a0a0a", size = 604370, upload-time = "2026-05-20T14:00:07.492Z" },
    { url = "https://files.pythonhosted.org/packages/32/f5/169ce3d4e4c67291bd18f8cbe0299c9f3e45102c7f1fb3c14780c93e4532/greenlet-3.5.1-cp313-cp313-manylinux_2_24_ppc64le.manylinux_2_28_ppc64le.whl", hash = "sha256:7715a5a2c3378ba602c3a440558261e13a820bb53a82693aacd7b7f6d964e283", size = 616987, upload-time = "2026-05-20T14:05:44.237Z" },
    { url = "https://files.pythonhosted.org/packages/19/ba/c24110c55dffa55aa6e1d98b45310da33801aeba7686ff0190fe5d46fd32/greenlet-3.5.1-cp313-cp313-manylinux_2_24_s390x.manylinux_2_28_s390x.whl", hash = "sha256:d40a890035c0058cadbdc4af7569800fd28a0e527a0fdbb7b5f9418f176846ce", size = 622911, upload-time = "2026-05-20T14:09:10.598Z" },
    { url = "https://files.pythonhosted.org/packages/ee/e5/7f2e41d5273be07e77560d61ea4e56485b4d6c316d2a84518c62d1364061/greenlet-3.5.1-cp313-cp313-manylinux_2_24_x86_64.manylinux_2_28_x86_64.whl", hash = "sha256:dc71ff466927a201b08305acac451ebe1aedfcea002f62f1f2f2ac2ac1e6a135", size = 613911, upload-time = "2026-05-20T13:14:27.539Z" },
    { url = "https://files.pythonhosted.org/packages/ec/7b/d20db2e8a5ad6c038702f3179b136f93f0a3d1a21a0c0777f3e470cdf4b2/greenlet-3.5.1-cp313-cp313-manylinux_2_39_riscv64.whl", hash = "sha256:67821bb03e4e98664490edb787ff6af501194c29bbee0f5c1dfdcf1dc3d9d436", size = 425228, upload-time = "2026-05-20T14:01:40.837Z" },
    { url = "https://files.pythonhosted.org/packages/c5/a4/fbdc67579b73615a1f91615e814303cc71e06128f7baaba87be79b8fb90c/greenlet-3.5.1-cp313-cp313-musllinux_1_2_aarch64.whl", hash = "sha256:cd443683db272ebaaca03af98c0b063ab30db70ea8a31a1559f35e3f7b744ccd", size = 1570689, upload-time = "2026-05-20T14:02:27.225Z" },
    { url = "https://files.pythonhosted.org/packages/e6/b4/77abbe35078be39718a46cd49caf16bceb35662f97a34101dca28aa98e47/greenlet-3.5.1-cp313-cp313-musllinux_1_2_x86_64.whl", hash = "sha256:089fff7a6ce8d9316d1f65ebc00273a56be258c1725b32b94de90a3a979557e1", size = 1635602, upload-time = "2026-05-20T13:14:36.344Z" },
    { url = "https://files.pythonhosted.org/packages/37/f7/129f27ca700845b8ee8ca88ce7f43435a1239c2eddb7677fc938822762cf/greenlet-3.5.1-cp313-cp313-win_amd64.whl", hash = "sha256:110a1ca7b49b014b097f6078272c3f4ed31af45b254de5228b79adba879f6af9", size = 238683, upload-time = "2026-05-20T13:11:50.57Z" },
    { url = "https://files.pythonhosted.org/packages/6d/5c/a485a36e87df8d8fd0632ee01511244f5156a20ed3746cc6599340326395/greenlet-3.5.1-cp313-cp313-win_arm64.whl", hash = "sha256:f16ba1efc0715b680a18b8123d90dad887c6112ae3555b4b5c32c149540c6b4e", size = 235499, upload-time = "2026-05-20T13:12:42.028Z" },
    { url = "https://files.pythonhosted.org/packages/8a/cb/c62454606daf5640369c94d8a9dd540599b1bfc090e2d2180cb77f4038d2/greenlet-3.5.1-cp314-cp314-macosx_11_0_universal2.whl", hash = "sha256:d8ab31c9de8651a2facdd5c5bb0011f2380dd1a7af78ce2adf4b56095294fc07", size = 285579, upload-time = "2026-05-20T13:08:56.396Z" },
    { url = "https://files.pythonhosted.org/packages/ec/71/c4270398c2eba968a6071af1dfbdcaeee6ec1c24bc8b435b8cc452700da6/greenlet-3.5.1-cp314-cp314-manylinux_2_24_aarch64.manylinux_2_28_aarch64.whl", hash = "sha256:5e300185139abc337ade480c327183adf42a875ac7181bfe66d7d4efea31fbea", size = 651106, upload-time = "2026-05-20T14:00:09.448Z" },
    { url = "https://files.pythonhosted.org/packages/1a/ab/71e34b78a44ec271fb5f550c17bc46d301ddc5953890d935f270b0dcdb5a/greenlet-3.5.1-cp314-cp314-manylinux_2_24_ppc64le.manylinux_2_28_ppc64le.whl", hash = "sha256:7ffdb990dcaa0234cf9845aead5df2e3c3a8b6507d409274dd87e0d5ab05ffc2", size = 663478, upload-time = "2026-05-20T14:05:45.88Z" },
    { url = "https://files.pythonhosted.org/packages/c6/2d/2d80842910da44f78c286532d084b8a5c3717c844ae80ceb3858738ae89a/greenlet-3.5.1-cp314-cp314-manylinux_2_24_s390x.manylinux_2_28_s390x.whl", hash = "sha256:6c09df69dc1712d131332054a858a3e5cca400967fa3a672e2324fbb0971448c", size = 667767, upload-time = "2026-05-20T14:09:12.15Z" },
    { url = "https://files.pythonhosted.org/packages/77/96/4efd6fa5c62c85426a0c19077a586258ebc3a2a146ff2493e4312a697a22/greenlet-3.5.1-cp314-cp314-manylinux_2_24_x86_64.manylinux_2_28_x86_64.whl", hash = "sha256:2f82b3597e9d83b63408affed0b48fd0f54935edac4302237b9a837be0dae33c", size = 660800, upload-time = "2026-05-20T13:14:29.129Z" },
    { url = "https://files.pythonhosted.org/packages/e9/d3/dad2eecedfbb1ed7050a20dcfae40c1442b74bc7423608be2c7e03ee7133/greenlet-3.5.1-cp314-cp314-manylinux_2_39_riscv64.whl", hash = "sha256:a4764e0bfc6a4d114c865b32520805c16a990ef5f286a514413b05d5ecd6a23d", size = 470786, upload-time = "2026-05-20T14:01:42.064Z" },
    { url = "https://files.pythonhosted.org/packages/7a/e0/6c71401a25cac7000261304e866a2f2cc04dc74810d40e2f118aa4799495/greenlet-3.5.1-cp314-cp314-musllinux_1_2_aarch64.whl", hash = "sha256:c0141e37414c10164e702b8fb1473304221ad98f71600850c6ef7ff4880feba0", size = 1617518, upload-time = "2026-05-20T14:02:28.662Z" },
    { url = "https://files.pythonhosted.org/packages/41/26/c5c06643e8c0af9e7bf18e16cb51d0ab7625155f0392e1c9015d66d556cd/greenlet-3.5.1-cp314-cp314-musllinux_1_2_x86_64.whl", hash = "sha256:50ae25a67bea74ea41fb14b960bc532df73eb713417b2d61892dced82fe8d3bc", size = 1681593, upload-time = "2026-05-20T13:14:39.417Z" },
    { url = "https://files.pythonhosted.org/packages/8a/bd/e11a108317485075e68af9d23039619b86b28130c3b50d227d42edece64b/greenlet-3.5.1-cp314-cp314-win_amd64.whl", hash = "sha256:8a17c42330e261299766b75ac1ea32caa437a9453c8f65d16a13140db378ecd3", size = 239800, upload-time = "2026-05-20T13:09:30.128Z" },
    { url = "https://files.pythonhosted.org/packages/47/f8/8e8e8417b7bf28639a5a56356ef934d0375e1d0c70a57e04d7701e870ffe/greenlet-3.5.1-cp314-cp314-win_arm64.whl", hash = "sha256:7b5f5fae05b8ac6d176a61b60c394a8cbdc2b5b91b81793066e68745cf165e54", size = 236862, upload-time = "2026-05-20T13:09:10.498Z" },
    { url = "https://files.pythonhosted.org/packages/90/12/41bf27fde4d3605d3773ae57751eda182b8be2f5398011c041173b1d9534/greenlet-3.5.1-cp314-cp314t-macosx_11_0_universal2.whl", hash = "sha256:ea8da1e900d758d078810d4255d8c6aa572181896a31ec79d779eb79c3adc9ad", size = 293637, upload-time = "2026-05-20T13:12:35.529Z" },
    { url = "https://files.pythonhosted.org/packages/44/44/ba14b23e9757707050c2f397d305bbcae62e5d7cad122f8b6baec5ae4a1f/greenlet-3.5.1-cp314-cp314t-manylinux_2_24_aarch64.manylinux_2_28_aarch64.whl", hash = "sha256:a19570c52a21420dcbc94e661994bc325c0b5b11304540fed514586da5dc8f2e", size = 650840, upload-time = "2026-05-20T14:00:11.079Z" },
    { url = "https://files.pythonhosted.org/packages/a8/37/5ddc2b686a6844f91abecef43411842426da2e1573f60b49ecf2547f4ae1/greenlet-3.5.1-cp314-cp314t-manylinux_2_24_ppc64le.manylinux_2_28_ppc64le.whl", hash = "sha256:3d955c89b75eeca4723d7cc14135f393cd47c32e2a6cb4a8e4c6e760a26b0986", size = 656416, upload-time = "2026-05-20T14:05:47.118Z" },
    { url = "https://files.pythonhosted.org/packages/8c/46/5987dcd1a2570ba84f3b187536b2ca3ae97613387e57f5cfa99df068fe5e/greenlet-3.5.1-cp314-cp314t-manylinux_2_24_s390x.manylinux_2_28_s390x.whl", hash = "sha256:ea37d5a157eb9493820d3792ac4ece28619a394391d2b9f2f78057d396ff0f0f", size = 656607, upload-time = "2026-05-20T14:09:13.949Z" },
    { url = "https://files.pythonhosted.org/packages/e1/f0/d17510297c35a2992712f0bf84de3779749999f7d3d63aa1f09db7c62dbe/greenlet-3.5.1-cp314-cp314t-manylinux_2_24_x86_64.manylinux_2_28_x86_64.whl", hash = "sha256:de2daaaebd1a5aa88c49045b6baf9310b3263796bd88db713edf37cf53e7bb4e", size = 654397, upload-time = "2026-05-20T13:14:30.696Z" },
    { url = "https://files.pythonhosted.org/packages/2c/c1/6da0a9ddcc29d7e51ef14883fa3dc1e53b3f4ffba00582106c7bf55da1d8/greenlet-3.5.1-cp314-cp314t-manylinux_2_39_riscv64.whl", hash = "sha256:8d8a23250ea3ec7b36de8fa4b541e9e2db3ee82915cc060ab0631609ad8b28de", size = 488287, upload-time = "2026-05-20T14:01:43.143Z" },
    { url = "https://files.pythonhosted.org/packages/37/eb/147387705bb89092645b012586e7273cb5ed3c90ef7eaf3a69173eaf0209/greenlet-3.5.1-cp314-cp314t-musllinux_1_2_aarch64.whl", hash = "sha256:3bfbd69cc349e43bf3a8ae1c85548ff0718efc887615c2db16c3833d7b0b072d", size = 1614469, upload-time = "2026-05-20T14:02:30.192Z" },
    { url = "https://files.pythonhosted.org/packages/a6/4e/37ee0da7732b7aa9896f17e15579a9df34b9fcb9dd494f0adfa749af6623/greenlet-3.5.1-cp314-cp314t-musllinux_1_2_x86_64.whl", hash = "sha256:4378720dd888136c27215a0214d32a4d37c3852765d45bc37aad0623423cfd78", size = 1675115, upload-time = "2026-05-20T13:14:40.972Z" },
    { url = "https://files.pythonhosted.org/packages/57/f3/97dfcf4a6eb5077f8a672234216fb5923eb89f2cab7081cb10b2cf75b605/greenlet-3.5.1-cp314-cp314t-win_amd64.whl", hash = "sha256:45718441607f9325d948db98cbc691276059316d0358c188c246da4e1d4d23d2", size = 245246, upload-time = "2026-05-20T13:12:22.646Z" },
    { url = "https://files.pythonhosted.org/packages/5d/73/d7f72e34b582f694f4a9b248162db7b09cc458a259ba8f0c0bfa1a34ea7d/greenlet-3.5.1-cp315-cp315-macosx_11_0_universal2.whl", hash = "sha256:2baee5ca02031757ffe8cc3d69f0cc0aec7065ce362622da74f32d3bcab1c541", size = 285575, upload-time = "2026-05-20T13:12:07.043Z" },
    { url = "https://files.pythonhosted.org/packages/df/59/fa9c6e87dc8ad27a95dabe2f29f372b733d05a8a67470f6c901ed9975655/greenlet-3.5.1-cp315-cp315-manylinux_2_24_aarch64.manylinux_2_28_aarch64.whl", hash = "sha256:9b1ec3274918a81d3ea778b9e75b56b72b33f300edb6cf7f3a7fe1dae56683de", size = 656428, upload-time = "2026-05-20T14:00:12.556Z" },
    { url = "https://files.pythonhosted.org/packages/f6/f9/e753408871eaa61dfe35e619cfc67512b036fde99893685d50eea9e07146/greenlet-3.5.1-cp315-cp315-manylinux_2_24_ppc64le.manylinux_2_28_ppc64le.whl", hash = "sha256:111e2390ffffc47d5840b01711dd7fac07d4c09283d0283e7f3264b14e284c64", size = 667064, upload-time = "2026-05-20T14:05:48.662Z" },
    { url = "https://files.pythonhosted.org/packages/dc/74/807a047255bf1e09303627c46dc043dca596b6958a354d904f32ab382005/greenlet-3.5.1-cp315-cp315-manylinux_2_24_s390x.manylinux_2_28_s390x.whl", hash = "sha256:10a9a1c0bfbc93d41156ffcb90c75fbc05544054faf15dcc1fdf9765f8b607f0", size = 672962, upload-time = "2026-05-20T14:09:15.532Z" },
    { url = "https://files.pythonhosted.org/packages/96/27/5565b5b40389f1c7753003a07e21892fda8660926787036d5bc0308b8113/greenlet-3.5.1-cp315-cp315-manylinux_2_24_x86_64.manylinux_2_28_x86_64.whl", hash = "sha256:e630136e905fe5ff43e86945ae41220b6d1470956a39220e708110ac48d01ea5", size = 665697, upload-time = "2026-05-20T13:14:32.943Z" },
    { url = "https://files.pythonhosted.org/packages/76/32/19d4e13225193c29b13e308015223f7d75fd3d8623d49dd19040d2ce8ec1/greenlet-3.5.1-cp315-cp315-manylinux_2_39_riscv64.whl", hash = "sha256:ef08c1567c78074b22d1a200183d52d04a14df447bf70bcbb6a3507a48e776fc", size = 476047, upload-time = "2026-05-20T14:01:44.39Z" },
    { url = "https://files.pythonhosted.org/packages/cf/82/e7de4178c0c2d1c9a5a3be3cc0b33e46a85b3ee4a77c071bf7ad8600e079/greenlet-3.5.1-cp315-cp315-musllinux_1_2_aarch64.whl", hash = "sha256:975eac34b44a7077ca4d421348455b94f0f518246a7f14bc6d2fdcfe5b584368", size = 1621256, upload-time = "2026-05-20T14:02:31.91Z" },
    { url = "https://files.pythonhosted.org/packages/00/10/f2dddcf7dacac17dfc68691809589adad06135eb28930429cf58a6467a2f/greenlet-3.5.1-cp315-cp315-musllinux_1_2_x86_64.whl", hash = "sha256:9ab3c3a0b2ae6198e67c898dad5215a49f9ae0d0081b3c3ec59f333e39eeca26", size = 1685956, upload-time = "2026-05-20T13:14:42.55Z" },
    { url = "https://files.pythonhosted.org/packages/22/17/4a232b32133230ada52f70e9d7f5b65b0caef8772f01849bd8d149e7e4ca/greenlet-3.5.1-cp315-cp315-win_amd64.whl", hash = "sha256:cbfc69be86e10dcfef5b1e6269d1d6926552aa89ee39e1de3353360c1b6989ab", size = 239802, upload-time = "2026-05-20T13:13:15.481Z" },
    { url = "https://files.pythonhosted.org/packages/c2/ae/4e623a7e6d4d2a5f4cb8e4c82de4169fc637942caae68d6e676b8a128ac5/greenlet-3.5.1-cp315-cp315-win_arm64.whl", hash = "sha256:92fd6d44ac5e5a887c8a5dc4a8ba0ba908527c31c12f78c6bc7dcfe8aab279f6", size = 236853, upload-time = "2026-05-20T13:15:37.301Z" },
    { url = "https://files.pythonhosted.org/packages/7a/57/816d9cff29119da3505b3d6a5e14a8af89006ac36f47f891ff293ee05af1/greenlet-3.5.1-cp315-cp315t-macosx_11_0_universal2.whl", hash = "sha256:a6fdf2433a5441ef9a95464f7c3e674775da1c8c1177fff311cee1acad4626ed", size = 293877, upload-time = "2026-05-20T13:10:19.078Z" },
    { url = "https://files.pythonhosted.org/packages/23/a1/59b0a7c7d140ff1a75626680b9a9899b79a9176cab298b394968fb023295/greenlet-3.5.1-cp315-cp315t-manylinux_2_24_aarch64.manylinux_2_28_aarch64.whl", hash = "sha256:7546556f0d649f99f6a361098a55f761181bb2ea12ff150bb16d26092ad88244", size = 655333, upload-time = "2026-05-20T14:00:14.758Z" },
    { url = "https://files.pythonhosted.org/packages/72/1b/5efe127597625042218939d01855109f352779050768b670b52edcc16a6c/greenlet-3.5.1-cp315-cp315t-manylinux_2_24_ppc64le.manylinux_2_28_ppc64le.whl", hash = "sha256:d5ee3ea898009fa898f85f9982255d35278c477bebe185beca249cab42d4526c", size = 659443, upload-time = "2026-05-20T14:05:50.159Z" },
    { url = "https://files.pythonhosted.org/packages/c9/9d/1dcdf7b95ab3cf8c7b6d7277c18a5e167312f2b362ddfcc5d5e6d8d84b43/greenlet-3.5.1-cp315-cp315t-manylinux_2_24_s390x.manylinux_2_28_s390x.whl", hash = "sha256:a57b0d05a0448eed231d59c0ceb287dde984551e54cbc51ac2d4865712838e9c", size = 659998, upload-time = "2026-05-20T14:09:16.912Z" },
    { url = "https://files.pythonhosted.org/packages/6c/6d/c404246ea4d22d097a7426d0efb5b781bd7eb67715f09e79001bd552ab18/greenlet-3.5.1-cp315-cp315t-manylinux_2_24_x86_64.manylinux_2_28_x86_64.whl", hash = "sha256:a5c81f74d204d3edd136ebfd50dce53acbb776995d721a0fe801626cfc93b8cd", size = 658356, upload-time = "2026-05-20T13:14:35.091Z" },
    { url = "https://files.pythonhosted.org/packages/05/7e/c4959664fc231d587d66d8e81f2095e98056ba1954beafdcbe635e251052/greenlet-3.5.1-cp315-cp315t-manylinux_2_39_riscv64.whl", hash = "sha256:b0703c2cef53e01baec47f7a3868009913ad71ec678bbecb42a6f40895e4ce62", size = 494470, upload-time = "2026-05-20T14:01:45.611Z" },
    { url = "https://files.pythonhosted.org/packages/51/02/f8ee37fb6d2219329f350af241c27fcf12df57e723d11f6fc6d3bacdadaa/greenlet-3.5.1-cp315-cp315t-musllinux_1_2_aarch64.whl", hash = "sha256:2c18ef16bf6d4dd410e4dd52996888ea1497be26892fe5bbc73580aba4287b8e", size = 1619216, upload-time = "2026-05-20T14:02:33.403Z" },
    { url = "https://files.pythonhosted.org/packages/93/c5/3dc9475ace2c7a3680da12372cddd7f1ac874eb410a1ac48d3e9dab83782/greenlet-3.5.1-cp315-cp315t-musllinux_1_2_x86_64.whl", hash = "sha256:17d86354f0ae6b61bf9be5148d0dd34e06c3cb7c602c671f79f29ac3b150e659", size = 1678427, upload-time = "2026-05-20T13:14:43.71Z" },
    { url = "https://files.pythonhosted.org/packages/df/4e/750c15c317a41ffb36f0bf40b933e3d744a7dede61889f74443ea69690cf/greenlet-3.5.1-cp315-cp315t-win_amd64.whl", hash = "sha256:e7516cf6ae6b8a582c2770a0caed47b8a48373ed732c33d69a72913ae6ac923e", size = 245225, upload-time = "2026-05-20T13:13:59.366Z" },
    { url = "https://files.pythonhosted.org/packages/4f/fd/d3baea2eeb7b617efd47e87ca06e2ec2c6118d303aa9e918e0ce16eadc10/greenlet-3.5.1-cp315-cp315t-win_arm64.whl", hash = "sha256:5028648bf2253ec4745add746129d3904121fa7fe871a76bed23c5720573ce0a", size = 239590, upload-time = "2026-05-20T13:13:37.382Z" },
]

[[package]]
name = "h11"
version = "0.16.0"
source = { registry = "https://pypi.org/simple" }
sdist = { url = "https://files.pythonhosted.org/packages/01/ee/02a2c011bdab74c6fb3c75474d40b3052059d95df7e73351460c8588d963/h11-0.16.0.tar.gz", hash = "sha256:4e35b956cf45792e4caa5885e69fba00bdbc6ffafbfa020300e549b208ee5ff1", size = 101250, upload-time = "2025-04-24T03:35:25.427Z" }
wheels = [
    { url = "https://files.pythonhosted.org/packages/04/4b/29cac41a4d98d144bf5f6d33995617b185d14b22401f75ca86f384e87ff1/h11-0.16.0-py3-none-any.whl", hash = "sha256:63cf8bbe7522de3bf65932fda1d9c2772064ffb3dae62d55932da54b31cb6c86", size = 37515, upload-time = "2025-04-24T03:35:24.344Z" },
]

[[package]]
name = "httpcore"
version = "1.0.9"
source = { registry = "https://pypi.org/simple" }
dependencies = [
    { name = "certifi" },
    { name = "h11" },
]
sdist = { url = "https://files.pythonhosted.org/packages/06/94/82699a10bca87a5556c9c59b5963f2d039dbd239f25bc2a63907a05a14cb/httpcore-1.0.9.tar.gz", hash = "sha256:6e34463af53fd2ab5d807f399a9b45ea31c3dfa2276f15a2c3f00afff6e176e8", size = 85484, upload-time = "2025-04-24T22:06:22.219Z" }
wheels = [
    { url = "https://files.pythonhosted.org/packages/7e/f5/f66802a942d491edb555dd61e3a9961140fd64c90bce1eafd741609d334d/httpcore-1.0.9-py3-none-any.whl", hash = "sha256:2d400746a40668fc9dec9810239072b40b4484b640a8c38fd654a024c7a1bf55", size = 78784, upload-time = "2025-04-24T22:06:20.566Z" },
]

[[package]]
name = "httpx"
version = "0.28.1"
source = { registry = "https://pypi.org/simple" }
dependencies = [
    { name = "anyio" },
    { name = "certifi" },
    { name = "httpcore" },
    { name = "idna" },
]
sdist = { url = "https://files.pythonhosted.org/packages/b1/df/48c586a5fe32a0f01324ee087459e112ebb7224f646c0b5023f5e79e9956/httpx-0.28.1.tar.gz", hash = "sha256:75e98c5f16b0f35b567856f597f06ff2270a374470a5c2392242528e3e3e42fc", size = 141406, upload-time = "2024-12-06T15:37:23.222Z" }
wheels = [
    { url = "https://files.pythonhosted.org/packages/2a/39/e50c7c3a983047577ee07d2a9e53faf5a69493943ec3f6a384bdc792deb2/httpx-0.28.1-py3-none-any.whl", hash = "sha256:d909fcccc110f8c7faf814ca82a9a4d816bc5a6dbfea25d6591d6985b8ba59ad", size = 73517, upload-time = "2024-12-06T15:37:21.509Z" },
]

[[package]]
name = "idna"
version = "3.18"
source = { registry = "https://pypi.org/simple" }
sdist = { url = "https://files.pythonhosted.org/packages/cd/63/9496c57188a2ee585e0f1db071d75089a11e98aa86eb99d9d7618fc1edce/idna-3.18.tar.gz", hash = "sha256:ffb385a7e039654cef1ab9ef32c6fafe283c0c0467bba1d9029738ce4a14a848", size = 196711, upload-time = "2026-06-02T14:34:07.794Z" }
wheels = [
    { url = "https://files.pythonhosted.org/packages/1e/5e/d4e9f1a599fb8e573b7b87160658329fbf28d19eac2718f51fc3def3aa5a/idna-3.18-py3-none-any.whl", hash = "sha256:7f952cbe720b688055e3f87de14f5c3e5fdaa8bc3928985c4077ca689de849a2", size = 65455, upload-time = "2026-06-02T14:34:06.319Z" },
]

[[package]]
name = "immich-distribution-tests"
version = "0.1.0"
source = { virtual = "." }
dependencies = [
    { name = "httpx" },
    { name = "playwright" },
    { name = "pytest" },
    { name = "pytest-timeout" },
]

[package.metadata]
requires-dist = [
    { name = "httpx", specifier = "==0.28.1" },
    { name = "playwright", specifier = "==1.55.0" },
    { name = "pytest", specifier = "==8.4.1" },
    { name = "pytest-timeout", specifier = "==2.4.0" },
]

[[package]]
name = "iniconfig"
version = "2.3.0"
source = { registry = "https://pypi.org/simple" }
sdist = { url = "https://files.pythonhosted.org/packages/72/34/14ca021ce8e5dfedc35312d08ba8bf51fdd999c576889fc2c24cb97f4f10/iniconfig-2.3.0.tar.gz", hash = "sha256:c76315c77db068650d49c5b56314774a7804df16fee4402c1f19d6d15d8c4730", size = 20503, upload-time = "2025-10-18T21:55:43.219Z" }
wheels = [
    { url = "https://files.pythonhosted.org/packages/cb/b1/3846dd7f199d53cb17f49cba7e651e9ce294d8497c8c150530ed11865bb8/iniconfig-2.3.0-py3-none-any.whl", hash = "sha256:f631c04d2c48c52b84d0d0549c99ff3859c98df65b3101406327ecc7d53fbf12", size = 7484, upload-time = "2025-10-18T21:55:41.639Z" },
]

[[package]]
name = "packaging"
version = "26.2"
source = { registry = "https://pypi.org/simple" }
sdist = { url = "https://files.pythonhosted.org/packages/d7/f1/e7a6dd94a8d4a5626c03e4e99c87f241ba9e350cd9e6d75123f992427270/packaging-26.2.tar.gz", hash = "sha256:ff452ff5a3e828ce110190feff1178bb1f2ea2281fa2075aadb987c2fb221661", size = 228134, upload-time = "2026-04-24T20:15:23.917Z" }
wheels = [
    { url = "https://files.pythonhosted.org/packages/df/b2/87e62e8c3e2f4b32e5fe99e0b86d576da1312593b39f47d8ceef365e95ed/packaging-26.2-py3-none-any.whl", hash = "sha256:5fc45236b9446107ff2415ce77c807cee2862cb6fac22b8a73826d0693b0980e", size = 100195, upload-time = "2026-04-24T20:15:22.081Z" },
]

[[package]]
name = "playwright"
version = "1.55.0"
source = { registry = "https://pypi.org/simple" }
dependencies = [
    { name = "greenlet" },
    { name = "pyee" },
]
wheels = [
    { url = "https://files.pythonhosted.org/packages/80/3a/c81ff76df266c62e24f19718df9c168f49af93cabdbc4608ae29656a9986/playwright-1.55.0-py3-none-macosx_10_13_x86_64.whl", hash = "sha256:d7da108a95001e412effca4f7610de79da1637ccdf670b1ae3fdc08b9694c034", size = 40428109, upload-time = "2025-08-28T15:46:20.357Z" },
    { url = "https://files.pythonhosted.org/packages/cf/f5/bdb61553b20e907196a38d864602a9b4a461660c3a111c67a35179b636fa/playwright-1.55.0-py3-none-macosx_11_0_arm64.whl", hash = "sha256:8290cf27a5d542e2682ac274da423941f879d07b001f6575a5a3a257b1d4ba1c", size = 38687254, upload-time = "2025-08-28T15:46:23.925Z" },
    { url = "https://files.pythonhosted.org/packages/4a/64/48b2837ef396487807e5ab53c76465747e34c7143fac4a084ef349c293a8/playwright-1.55.0-py3-none-macosx_11_0_universal2.whl", hash = "sha256:25b0d6b3fd991c315cca33c802cf617d52980108ab8431e3e1d37b5de755c10e", size = 40428108, upload-time = "2025-08-28T15:46:27.119Z" },
    { url = "https://files.pythonhosted.org/packages/08/33/858312628aa16a6de97839adc2ca28031ebc5391f96b6fb8fdf1fcb15d6c/playwright-1.55.0-py3-none-manylinux1_x86_64.whl", hash = "sha256:c6d4d8f6f8c66c483b0835569c7f0caa03230820af8e500c181c93509c92d831", size = 45905643, upload-time = "2025-08-28T15:46:30.312Z" },
    { url = "https://files.pythonhosted.org/packages/83/83/b8d06a5b5721931aa6d5916b83168e28bd891f38ff56fe92af7bdee9860f/playwright-1.55.0-py3-none-manylinux_2_17_aarch64.manylinux2014_aarch64.whl", hash = "sha256:29a0777c4ce1273acf90c87e4ae2fe0130182100d99bcd2ae5bf486093044838", size = 45296647, upload-time = "2025-08-28T15:46:33.221Z" },
    { url = "https://files.pythonhosted.org/packages/06/2e/9db64518aebcb3d6ef6cd6d4d01da741aff912c3f0314dadb61226c6a96a/playwright-1.55.0-py3-none-win32.whl", hash = "sha256:29e6d1558ad9d5b5c19cbec0a72f6a2e35e6353cd9f262e22148685b86759f90", size = 35476046, upload-time = "2025-08-28T15:46:36.184Z" },
    { url = "https://files.pythonhosted.org/packages/46/4f/9ba607fa94bb9cee3d4beb1c7b32c16efbfc9d69d5037fa85d10cafc618b/playwright-1.55.0-py3-none-win_amd64.whl", hash = "sha256:7eb5956473ca1951abb51537e6a0da55257bb2e25fc37c2b75af094a5c93736c", size = 35476048, upload-time = "2025-08-28T15:46:38.867Z" },
    { url = "https://files.pythonhosted.org/packages/21/98/5ca173c8ec906abde26c28e1ecb34887343fd71cc4136261b90036841323/playwright-1.55.0-py3-none-win_arm64.whl", hash = "sha256:012dc89ccdcbd774cdde8aeee14c08e0dd52ddb9135bf10e9db040527386bd76", size = 31225543, upload-time = "2025-08-28T15:46:41.613Z" },
]

[[package]]
name = "pluggy"
version = "1.6.0"
source = { registry = "https://pypi.org/simple" }
sdist = { url = "https://files.pythonhosted.org/packages/f9/e2/3e91f31a7d2b083fe6ef3fa267035b518369d9511ffab804f839851d2779/pluggy-1.6.0.tar.gz", hash = "sha256:7dcc130b76258d33b90f61b658791dede3486c3e6bfb003ee5c9bfb396dd22f3", size = 69412, upload-time = "2025-05-15T12:30:07.975Z" }
wheels = [
    { url = "https://files.pythonhosted.org/packages/54/20/4d324d65cc6d9205fabedc306948156824eb9f0ee1633355a8f7ec5c66bf/pluggy-1.6.0-py3-none-any.whl", hash = "sha256:e920276dd6813095e9377c0bc5566d94c932c33b27a3e3945d8389c374dd4746", size = 20538, upload-time = "2025-05-15T12:30:06.134Z" },
]

[[package]]
name = "pyee"
version = "13.0.1"
source = { registry = "https://pypi.org/simple" }
dependencies = [
    { name = "typing-extensions" },
]
sdist = { url = "https://files.pythonhosted.org/packages/8b/04/e7c1fe4dc78a6fdbfd6c337b1c3732ff543b8a397683ab38378447baa331/pyee-13.0.1.tar.gz", hash = "sha256:0b931f7c14535667ed4c7e0d531716368715e860b988770fc7eb8578d1f67fc8", size = 31655, upload-time = "2026-02-14T21:12:28.044Z" }
wheels = [
    { url = "https://files.pythonhosted.org/packages/a0/c4/b4d4827c93ef43c01f599ef31453ccc1c132b353284fc6c87d535c233129/pyee-13.0.1-py3-none-any.whl", hash = "sha256:af2f8fede4171ef667dfded53f96e2ed0d6e6bd7ee3bb46437f77e3b57689228", size = 15659, upload-time = "2026-02-14T21:12:26.263Z" },
]

[[package]]
name = "pygments"
version = "2.20.0"
source = { registry = "https://pypi.org/simple" }
sdist = { url = "https://files.pythonhosted.org/packages/c3/b2/bc9c9196916376152d655522fdcebac55e66de6603a76a02bca1b6414f6c/pygments-2.20.0.tar.gz", hash = "sha256:6757cd03768053ff99f3039c1a36d6c0aa0b263438fcab17520b30a303a82b5f", size = 4955991, upload-time = "2026-03-29T13:29:33.898Z" }
wheels = [
    { url = "https://files.pythonhosted.org/packages/f4/7e/a72dd26f3b0f4f2bf1dd8923c85f7ceb43172af56d63c7383eb62b332364/pygments-2.20.0-py3-none-any.whl", hash = "sha256:81a9e26dd42fd28a23a2d169d86d7ac03b46e2f8b59ed4698fb4785f946d0176", size = 1231151, upload-time = "2026-03-29T13:29:30.038Z" },
]

[[package]]
name = "pytest"
version = "8.4.1"
source = { registry = "https://pypi.org/simple" }
dependencies = [
    { name = "colorama", marker = "sys_platform == 'win32'" },
    { name = "iniconfig" },
    { name = "packaging" },
    { name = "pluggy" },
    { name = "pygments" },
]
sdist = { url = "https://files.pythonhosted.org/packages/08/ba/45911d754e8eba3d5a841a5ce61a65a685ff1798421ac054f85aa8747dfb/pytest-8.4.1.tar.gz", hash = "sha256:7c67fd69174877359ed9371ec3af8a3d2b04741818c51e5e99cc1742251fa93c", size = 1517714, upload-time = "2025-06-18T05:48:06.109Z" }
wheels = [
    { url = "https://files.pythonhosted.org/packages/29/16/c8a903f4c4dffe7a12843191437d7cd8e32751d5de349d45d3fe69544e87/pytest-8.4.1-py3-none-any.whl", hash = "sha256:539c70ba6fcead8e78eebbf1115e8b589e7565830d7d006a8723f19ac8a0afb7", size = 365474, upload-time = "2025-06-18T05:48:03.955Z" },
]

[[package]]
name = "pytest-timeout"
version = "2.4.0"
source = { registry = "https://pypi.org/simple" }
dependencies = [
    { name = "pytest" },
]
sdist = { url = "https://files.pythonhosted.org/packages/ac/82/4c9ecabab13363e72d880f2fb504c5f750433b2b6f16e99f4ec21ada284c/pytest_timeout-2.4.0.tar.gz", hash = "sha256:7e68e90b01f9eff71332b25001f85c75495fc4e3a836701876183c4bcfd0540a", size = 17973, upload-time = "2025-05-05T19:44:34.99Z" }
wheels = [
    { url = "https://files.pythonhosted.org/packages/fa/b6/3127540ecdf1464a00e5a01ee60a1b09175f6913f0644ac748494d9c4b21/pytest_timeout-2.4.0-py3-none-any.whl", hash = "sha256:c42667e5cdadb151aeb5b26d114aff6bdf5a907f176a007a30b940d3d865b5c2", size = 14382, upload-time = "2025-05-05T19:44:33.502Z" },
]

[[package]]
name = "typing-extensions"
version = "4.15.0"
source = { registry = "https://pypi.org/simple" }
sdist = { url = "https://files.pythonhosted.org/packages/72/94/1a15dd82efb362ac84269196e94cf00f187f7ed21c242792a923cdb1c61f/typing_extensions-4.15.0.tar.gz", hash = "sha256:0cea48d173cc12fa28ecabc3b837ea3cf6f38c6d1136f85cbaaf598984861466", size = 109391, upload-time = "2025-08-25T13:49:26.313Z" }
wheels = [
    { url = "https://files.pythonhosted.org/packages/18/67/36e9267722cc04a6b9f15c7f3441c2363321a3ea07da7ae0c0707beb2a9c/typing_extensions-4.15.0-py3-none-any.whl", hash = "sha256:f0fa19c6845758ab08074a0cfa8b7aecb71c999ca73d62883bc25cc018c4e548", size = 44614, upload-time = "2025-08-25T13:49:24.86Z" },
]
